<?xml version="1.0" encoding="utf-8"?>
<Project ToolsVersion="4.0" xmlns="http://schemas.microsoft.com/developer/msbuild/2003">
  <ItemGroup>
    <ClCompile Include="stdafx.cpp">
      <Filter>Source Files</Filter>
    </ClCompile>
    <ClCompile Include="TT_AMI_Updater.cpp">
      <Filter>Source Files</Filter>
    </ClCompile>
    <ClCompile Include="TT_AMI_UpdaterDlg.cpp">
      <Filter>Source Files</Filter>
    </ClCompile>
    <ClCompile Include="DeviceInfo.cpp">
      <Filter>Source Files</Filter>
    </ClCompile>
    <ClCompile Include="DeviceList.cpp">
      <Filter>Source Files</Filter>
    </ClCompile>
    <ClCompile Include="DeviceUpdate.cpp">
      <Filter>Source Files</Filter>
    </ClCompile>
    <ClCompile Include="Slip.cpp">
      <Filter>Source Files</Filter>
    </ClCompile>
    <ClCompile Include="SppComm.cpp">
      <Filter>Source Files</Filter>
    </ClCompile>
    <ClCompile Include="package.cpp">
      <Filter>Source Files</Filter>
    </ClCompile>
    <ClCompile Include="DeviceUpgrade.cpp">
      <Filter>Source Files</Filter>
    </ClCompile>
    <ClCompile Include="lang.cpp">
      <Filter>Source Files</Filter>
    </ClCompile>
    <ClCompile Include="langFrench.cpp">
      <Filter>Source Files</Filter>
    </ClCompile>
    <ClCompile Include="langKorean.cpp">
      <Filter>Source Files</Filter>
    </ClCompile>
    <ClCompile Include="ErrCodes.cpp">
      <Filter>Source Files</Filter>
    </ClCompile>
    <ClCompile Include="BatteryStatus.cpp">
      <Filter>Source Files</Filter>
    </ClCompile>
  </ItemGroup>
  <ItemGroup>
    <ClInclude Include="Resource.h">
      <Filter>Header Files</Filter>
    </ClInclude>
    <ClInclude Include="stdafx.h">
      <Filter>Header Files</Filter>
    </ClInclude>
    <ClInclude Include="targetver.h">
      <Filter>Header Files</Filter>
    </ClInclude>
    <ClInclude Include="TT_AMI_Updater.h">
      <Filter>Header Files</Filter>
    </ClInclude>
    <ClInclude Include="TT_AMI_UpdaterDlg.h">
      <Filter>Header Files</Filter>
    </ClInclude>
    <ClInclude Include="DeviceInfo.h">
      <Filter>Source Files</Filter>
    </ClInclude>
    <ClInclude Include="DeviceList.h">
      <Filter>Source Files</Filter>
    </ClInclude>
    <ClInclude Include="DeviceUpdate.h">
      <Filter>Source Files</Filter>
    </ClInclude>
    <ClInclude Include="Slip.h">
      <Filter>Source Files</Filter>
    </ClInclude>
    <ClInclude Include="SppComm.h">
      <Filter>Source Files</Filter>
    </ClInclude>
    <ClInclude Include="package.h">
      <Filter>Source Files</Filter>
    </ClInclude>
    <ClInclude Include="DeviceUpgrade.h">
      <Filter>Source Files</Filter>
    </ClInclude>
    <ClInclude Include="lang.h">
      <Filter>Source Files</Filter>
    </ClInclude>
    <ClInclude Include="ErrCodes.h">
      <Filter>Source Files</Filter>
    </ClInclude>
    <ClInclude Include="icomm.h">
      <Filter>Header Files</Filter>
    </ClInclude>
    <ClInclude Include="ProductionHelper.h">
      <Filter>Header Files</Filter>
    </ClInclude>
    <ClInclude Include="BatteryStatus.h">
      <Filter>Header Files</Filter>
    </ClInclude>
  </ItemGroup>
  <ItemGroup>
    <Filter Include="Header Files">
      <UniqueIdentifier>{c66ced87-b2ae-483b-9e67-e12f8d8e268f}</UniqueIdentifier>
    </Filter>
    <Filter Include="Resource Files">
      <UniqueIdentifier>{54bf93ee-58a8-471b-a077-c385b43313bb}</UniqueIdentifier>
    </Filter>
    <Filter Include="Source Files">
      <UniqueIdentifier>{6db4383b-bc49-4771-9498-c6af7ea88be5}</UniqueIdentifier>
    </Filter>
  </ItemGroup>
  <ItemGroup>
    <Image Include="res\TT_AMI_Updater.ico">
      <Filter>Resource Files</Filter>
    </Image>
  </ItemGroup>
  <ItemGroup>
    <ResourceCompile Include="TTAMIUpdater.rc">
      <Filter>Resource Files</Filter>
    </ResourceCompile>
  </ItemGroup>
  <ItemGroup>
    <None Include="res\TTAMIUpdater.rc2">
      <Filter>Resource Files</Filter>
    </None>
  </ItemGroup>
</Project>